
Microsoft Visual Studio Solution File, Format Version 12.00
# Visual Studio Version 16
VisualStudioVersion = 16.0.30503.244
MinimumVisualStudioVersion = 10.0.40219.1
Project("{FAE04EC0-301F-11D3-BF4B-00C04F79EFBC}") = "Es02(SQL)", "Es02(SQL).csproj", "{2E261A98-9CEA-4FBB-9796-420BC32DA7D2}"
EndProject
Global
	GlobalSection(SolutionConfigurationPlatforms) = preSolution
		Debug|Any CPU = Debug|Any CPU
		Release|Any CPU = Release|Any CPU
	EndGlobalSection
	GlobalSection(ProjectConfigurationPlatforms) = postSolution
		{2E261A98-9CEA-4FBB-9796-420BC32DA7D2}.Debug|Any CPU.ActiveCfg = Debug|Any CPU
		{2E261A98-9CEA-4FBB-9796-420BC32DA7D2}.Debug|Any CPU.Build.0 = Debug|Any CPU
		{2E261A98-9CEA-4FBB-9796-420BC32DA7D2}.Release|Any CPU.ActiveCfg = Release|Any CPU
		{2E261A98-9CEA-4FBB-9796-420BC32DA7D2}.Release|Any CPU.Build.0 = Release|Any CPU
	EndGlobalSection
	GlobalSection(SolutionProperties) = preSolution
		HideSolutionNode = FALSE
	EndGlobalSection
	GlobalSection(ExtensibilityGlobals) = postSolution
		SolutionGuid = {BC56B5FC-F397-46E8-8181-460568D07D27}
	EndGlobalSection
EndGlobal
